# This file is automatically @generated by Cargo.
# It is not intended for manual editing.
version = 4

[[package]]
name = "vela_bytecode"
version = "0.1.0"
dependencies = [
 "vela_common",
 "vela_syntax",
]

[[package]]
name = "vela_common"
version = "0.1.0"

[[package]]
name = "vela_host"
version = "0.1.0"
dependencies = [
 "vela_common",
]

[[package]]
name = "vela_hot_reload"
version = "0.1.0"
dependencies = [
 "vela_bytecode",
 "vela_common",
 "vela_vm",
]

[[package]]
name = "vela_reflect"
version = "0.1.0"
dependencies = [
 "vela_common",
 "vela_host",
]

[[package]]
name = "vela_syntax"
version = "0.1.0"
dependencies = [
 "vela_common",
]

[[package]]
name = "vela_vm"
version = "0.1.0"
dependencies = [
 "vela_bytecode",
 "vela_common",
 "vela_host",
 "vela_reflect",
]
